
Microsoft Visual Studio Solution File, Format Version 12.00
# Visual Studio Version 17
VisualStudioVersion = 17.0.31903.59
MinimumVisualStudioVersion = 10.0.40219.1
Project("{FAE04EC0-301F-11D3-BF4B-00C04F79EFBC}") = "StringApp", "StringApp\StringApp.csproj", "{4CEB315E-FA23-401E-A573-B5CC0505E708}"
EndProject
Project("{FAE04EC0-301F-11D3-BF4B-00C04F79EFBC}") = "StringApp.Tests", "StringApp.Tests\StringApp.Tests.csproj", "{33564BFB-A886-4F2F-9F30-DDF0D9DB7B65}"
EndProject
Global
	GlobalSection(SolutionConfigurationPlatforms) = preSolution
		Debug|Any CPU = Debug|Any CPU
		Debug|x64 = Debug|x64
		Debug|x86 = Debug|x86
		Release|Any CPU = Release|Any CPU
		Release|x64 = Release|x64
		Release|x86 = Release|x86
	EndGlobalSection
	GlobalSection(ProjectConfigurationPlatforms) = postSolution
		{4CEB315E-FA23-401E-A573-B5CC0505E708}.Debug|Any CPU.ActiveCfg = Debug|Any CPU
		{4CEB315E-FA23-401E-A573-B5CC0505E708}.Debug|Any CPU.Build.0 = Debug|Any CPU
		{4CEB315E-FA23-401E-A573-B5CC0505E708}.Debug|x64.ActiveCfg = Debug|Any CPU
		{4CEB315E-FA23-401E-A573-B5CC0505E708}.Debug|x64.Build.0 = Debug|Any CPU
		{4CEB315E-FA23-401E-A573-B5CC0505E708}.Debug|x86.ActiveCfg = Debug|Any CPU
		{4CEB315E-FA23-401E-A573-B5CC0505E708}.Debug|x86.Build.0 = Debug|Any CPU
		{4CEB315E-FA23-401E-A573-B5CC0505E708}.Release|Any CPU.ActiveCfg = Release|Any CPU
		{4CEB315E-FA23-401E-A573-B5CC0505E708}.Release|Any CPU.Build.0 = Release|Any CPU
		{4CEB315E-FA23-401E-A573-B5CC0505E708}.Release|x64.ActiveCfg = Release|Any CPU
		{4CEB315E-FA23-401E-A573-B5CC0505E708}.Release|x64.Build.0 = Release|Any CPU
		{4CEB315E-FA23-401E-A573-B5CC0505E708}.Release|x86.ActiveCfg = Release|Any CPU
		{4CEB315E-FA23-401E-A573-B5CC0505E708}.Release|x86.Build.0 = Release|Any CPU
		{33564BFB-A886-4F2F-9F30-DDF0D9DB7B65}.Debug|Any CPU.ActiveCfg = Debug|Any CPU
		{33564BFB-A886-4F2F-9F30-DDF0D9DB7B65}.Debug|Any CPU.Build.0 = Debug|Any CPU
		{33564BFB-A886-4F2F-9F30-DDF0D9DB7B65}.Debug|x64.ActiveCfg = Debug|Any CPU
		{33564BFB-A886-4F2F-9F30-DDF0D9DB7B65}.Debug|x64.Build.0 = Debug|Any CPU
		{33564BFB-A886-4F2F-9F30-DDF0D9DB7B65}.Debug|x86.ActiveCfg = Debug|Any CPU
		{33564BFB-A886-4F2F-9F30-DDF0D9DB7B65}.Debug|x86.Build.0 = Debug|Any CPU
		{33564BFB-A886-4F2F-9F30-DDF0D9DB7B65}.Release|Any CPU.ActiveCfg = Release|Any CPU
		{33564BFB-A886-4F2F-9F30-DDF0D9DB7B65}.Release|Any CPU.Build.0 = Release|Any CPU
		{33564BFB-A886-4F2F-9F30-DDF0D9DB7B65}.Release|x64.ActiveCfg = Release|Any CPU
		{33564BFB-A886-4F2F-9F30-DDF0D9DB7B65}.Release|x64.Build.0 = Release|Any CPU
		{33564BFB-A886-4F2F-9F30-DDF0D9DB7B65}.Release|x86.ActiveCfg = Release|Any CPU
		{33564BFB-A886-4F2F-9F30-DDF0D9DB7B65}.Release|x86.Build.0 = Release|Any CPU
	EndGlobalSection
	GlobalSection(SolutionProperties) = preSolution
		HideSolutionNode = FALSE
	EndGlobalSection
EndGlobal
